
Microsoft Visual Studio Solution File, Format Version 12.00
# Visual Studio Version 17
VisualStudioVersion = 17.11.35222.181
MinimumVisualStudioVersion = 10.0.40219.1
Project("{FAE04EC0-301F-11D3-BF4B-00C04F79EFBC}") = "ControleClinicaPsicologia", "ControleClinicaPsicologia.csproj", "{519D1F6F-14F0-4188-8B61-6333620D3D7F}"
EndProject
Global
	GlobalSection(SolutionConfigurationPlatforms) = preSolution
		Debug|Any CPU = Debug|Any CPU
		Release|Any CPU = Release|Any CPU
	EndGlobalSection
	GlobalSection(ProjectConfigurationPlatforms) = postSolution
		{519D1F6F-14F0-4188-8B61-6333620D3D7F}.Debug|Any CPU.ActiveCfg = Debug|Any CPU
		{519D1F6F-14F0-4188-8B61-6333620D3D7F}.Debug|Any CPU.Build.0 = Debug|Any CPU
		{519D1F6F-14F0-4188-8B61-6333620D3D7F}.Release|Any CPU.ActiveCfg = Release|Any CPU
		{519D1F6F-14F0-4188-8B61-6333620D3D7F}.Release|Any CPU.Build.0 = Release|Any CPU
	EndGlobalSection
	GlobalSection(SolutionProperties) = preSolution
		HideSolutionNode = FALSE
	EndGlobalSection
	GlobalSection(ExtensibilityGlobals) = postSolution
		SolutionGuid = {EEE95C3A-B285-42A5-A207-7A8D394BD7F2}
	EndGlobalSection
EndGlobal
